<?xml version="1.0" encoding="utf-8"?>
<Project ToolsVersion="4.0" xmlns="http://schemas.microsoft.com/developer/msbuild/2003">
  <ItemGroup>
    <Filter Include="Source Files">
      <UniqueIdentifier>{4FC737F1-C7A5-4376-A066-2A32D752A2FF}</UniqueIdentifier>
      <Extensions>cpp;c;cc;cxx;def;odl;idl;hpj;bat;asm;asmx</Extensions>
    </Filter>
    <Filter Include="Header Files">
      <UniqueIdentifier>{93995380-89BD-4b04-88EB-625FBE52EBFB}</UniqueIdentifier>
      <Extensions>h;hh;hpp;hxx;hm;inl;inc;xsd</Extensions>
    </Filter>
    <Filter Include="Resource Files">
      <UniqueIdentifier>{67DA6AB6-F800-4c08-8B7A-83BB121AAD01}</UniqueIdentifier>
      <Extensions>rc;ico;cur;bmp;dlg;rc2;rct;bin;rgs;gif;jpg;jpeg;jpe;resx;tiff;tif;png;wav</Extensions>
    </Filter>
  </ItemGroup>
  <ItemGroup>
    <None Include=".gitignore" />
    <None Include="README.md" />
  </ItemGroup>
  <ItemGroup>
    <Image Include="assets\blank.png">
      <Filter>Resource Files</Filter>
    </Image>
    <Image Include="assets\bg\defense.png">
      <Filter>Resource Files</Filter>
    </Image>
    <Image Include="assets\bg\prosecution.png">
      <Filter>Resource Files</Filter>
    </Image>
    <Image Include="assets\bg\witness.png">
      <Filter>Resource Files</Filter>
    </Image>
    <Image Include="assets\fg\defense.png">
      <Filter>Resource Files</Filter>
    </Image>
    <Image Include="assets\fg\prosecution.png">
      <Filter>Resource Files</Filter>
    </Image>
    <Image Include="assets\fg\witness.png">
      <Filter>Resource Files</Filter>
    </Image>
    <Image Include="assets\font\default_old.png">
      <Filter>Resource Files</Filter>
    </Image>
    <Image Include="assets\font\text.png">
      <Filter>Resource Files</Filter>
    </Image>
    <Image Include="assets\ui\textbox.png">
      <Filter>Resource Files</Filter>
    </Image>
    <Image Include="assets\ui\textbox_name.png">
      <Filter>Resource Files</Filter>
    </Image>
    <Image Include="assets\ui\textbox_name_alt.png">
      <Filter>Resource Files</Filter>
    </Image>
    <Image Include="assets\ui\wait_arrow.png">
      <Filter>Resource Files</Filter>
    </Image>
    <Image Include="games\example\assets\char\gumshoe\pumped(blink).png">
      <Filter>Resource Files</Filter>
    </Image>
    <Image Include="games\example\assets\char\gumshoe\pumped(talk).png">
      <Filter>Resource Files</Filter>
    </Image>
    <Image Include="games\example\assets\char\payne\confident(blink).png">
      <Filter>Resource Files</Filter>
    </Image>
    <Image Include="games\example\assets\char\payne\confident(talk).png">
      <Filter>Resource Files</Filter>
    </Image>
    <Image Include="games\example\assets\char\payne\sweating(blink).png">
      <Filter>Resource Files</Filter>
    </Image>
    <Image Include="games\example\assets\char\payne\sweating(talk).png">
      <Filter>Resource Files</Filter>
    </Image>
    <Image Include="games\example\assets\char\phoenix\coffee(blink).png">
      <Filter>Resource Files</Filter>
    </Image>
    <Image Include="games\example\assets\char\phoenix\coffee(talk).png">
      <Filter>Resource Files</Filter>
    </Image>
    <Image Include="games\example\assets\char\phoenix\document(blink).png">
      <Filter>Resource Files</Filter>
    </Image>
    <Image Include="games\example\assets\char\phoenix\document(talk).png">
      <Filter>Resource Files</Filter>
    </Image>
  </ItemGroup>
  <ItemGroup>
    <ClCompile Include="src\main.cpp">
      <Filter>Source Files</Filter>
    </ClCompile>
    <ClCompile Include="src\assetfetcher.cpp">
      <Filter>Source Files</Filter>
    </ClCompile>
    <ClCompile Include="src\game.cpp">
      <Filter>Source Files</Filter>
    </ClCompile>
    <ClCompile Include="src\renderer.cpp">
      <Filter>Source Files</Filter>
    </ClCompile>
    <ClCompile Include="src\script.cpp">
      <Filter>Source Files</Filter>
    </ClCompile>
  </ItemGroup>
  <ItemGroup>
    <ClInclude Include="include\littlethief\base.h">
      <Filter>Header Files</Filter>
    </ClInclude>
    <ClInclude Include="include\littlethief\except.h">
      <Filter>Header Files</Filter>
    </ClInclude>
  </ItemGroup>
</Project>